{
  "name": "mini-lisp",
  "version": "1.0.0",
  "lockfileVersion": 1,
  "requires": true,
  "dependencies": {
    "asty": {
      "version": "1.7.11",
      "resolved": "https://registry.npmjs.org/asty/-/asty-1.7.11.tgz",
      "integrity": "sha512-G7jnrjBOOzBa6Aalk5MHqBH3+CQ7nqN1um8zBMyTk4IBmXZgUhbTQqe+PYTXlzdcDrPnBp2mqY0AuBg/n0F5Tg=="
    },
    "pegjs": {
      "version": "0.10.0",
      "resolved": "https://registry.npmjs.org/pegjs/-/pegjs-0.10.0.tgz",
      "integrity": "sha1-z4uvrm7d/0tafvsYUmnqr0YQ3b0="
    },
    "pegjs-util": {
      "version": "1.4.11",
      "resolved": "https://registry.npmjs.org/pegjs-util/-/pegjs-util-1.4.11.tgz",
      "integrity": "sha512-8+UY5qxudFgtfY+Fasmn/jITA2JrxSnbFWz9P3flyPRKmcXyQ5ERr+unN3mRiE2o1EGSmAl2hbaOiMV7qngVaw==",
      "requires": {
        "pegjs": "0.10.0"
      }
    }
  }
}
